
Microsoft Visual Studio Solution File, Format Version 12.00
# Visual Studio Version 16
VisualStudioVersion = 16.0.29418.71
MinimumVisualStudioVersion = 10.0.40219.1
Project("{888888A0-9F3D-457C-B088-3A5042F75D52}") = "RESTful_tagsManager", "RESTful_tagsManager.pyproj", "{108D126C-9AA7-42D8-8D28-C341517F80A7}"
EndProject
Global
	GlobalSection(SolutionConfigurationPlatforms) = preSolution
		Debug|Any CPU = Debug|Any CPU
		Release|Any CPU = Release|Any CPU
	EndGlobalSection
	GlobalSection(ProjectConfigurationPlatforms) = postSolution
		{108D126C-9AA7-42D8-8D28-C341517F80A7}.Debug|Any CPU.ActiveCfg = Debug|Any CPU
		{108D126C-9AA7-42D8-8D28-C341517F80A7}.Debug|Any CPU.Build.0 = Debug|Any CPU
		{108D126C-9AA7-42D8-8D28-C341517F80A7}.Release|Any CPU.ActiveCfg = Release|Any CPU
		{108D126C-9AA7-42D8-8D28-C341517F80A7}.Release|Any CPU.Build.0 = Release|Any CPU
	EndGlobalSection
	GlobalSection(SolutionProperties) = preSolution
		HideSolutionNode = FALSE
	EndGlobalSection
	GlobalSection(ExtensibilityGlobals) = postSolution
		SolutionGuid = {CC251FA7-1D45-413E-B1CB-3F471312481C}
	EndGlobalSection
EndGlobal
